
Microsoft Visual Studio Solution File, Format Version 12.00
# Visual Studio 15
VisualStudioVersion = 15.0.27703.2018
MinimumVisualStudioVersion = 10.0.40219.1
Project("{8BC9CEB8-8B4A-11D0-8D11-00A0C91BC942}") = "DLL2IMPLIB", "DLL2IMPLIB\DLL2IMPLIB.vcxproj", "{348685E6-8D92-4952-A5B3-3FE7A654F6D5}"
EndProject
Global
	GlobalSection(SolutionConfigurationPlatforms) = preSolution
		Debug|x64 = Debug|x64
		Debug|x86 = Debug|x86
		Release|x64 = Release|x64
		Release|x86 = Release|x86
	EndGlobalSection
	GlobalSection(ProjectConfigurationPlatforms) = postSolution
		{348685E6-8D92-4952-A5B3-3FE7A654F6D5}.Debug|x64.ActiveCfg = Debug|x64
		{348685E6-8D92-4952-A5B3-3FE7A654F6D5}.Debug|x64.Build.0 = Debug|x64
		{348685E6-8D92-4952-A5B3-3FE7A654F6D5}.Debug|x86.ActiveCfg = Debug|Win32
		{348685E6-8D92-4952-A5B3-3FE7A654F6D5}.Debug|x86.Build.0 = Debug|Win32
		{348685E6-8D92-4952-A5B3-3FE7A654F6D5}.Release|x64.ActiveCfg = Release|x64
		{348685E6-8D92-4952-A5B3-3FE7A654F6D5}.Release|x64.Build.0 = Release|x64
		{348685E6-8D92-4952-A5B3-3FE7A654F6D5}.Release|x86.ActiveCfg = Release|Win32
		{348685E6-8D92-4952-A5B3-3FE7A654F6D5}.Release|x86.Build.0 = Release|Win32
	EndGlobalSection
	GlobalSection(SolutionProperties) = preSolution
		HideSolutionNode = FALSE
	EndGlobalSection
	GlobalSection(ExtensibilityGlobals) = postSolution
		SolutionGuid = {EA103641-D53B-4F25-9AB9-F3E2FFE92F76}
	EndGlobalSection
EndGlobal
